# This file is automatically @generated by Cargo.
# It is not intended for manual editing.
version = 4

[[package]]
name = "ability_data"
version = "0.0.0"

[[package]]
name = "main"
version = "0.0.0"

[[package]]
name = "parser"
version = "0.1.0"
dependencies = [
 "ability_data",
]

[[package]]
name = "parser_cli"
version = "0.0.0"
dependencies = [
 "ability_data",
 "parser",
]
